# This file is autogenerated, do not edit; changes may be undone by the next 'dep ensure'.


[[projects]]
  digest = "1:a2cff208d4759f6ba1b1cd228587b0a1869f95f22542ec9cd17fff64430113c7"
  name = "github.com/jessevdk/go-flags"
  packages = ["."]
  pruneopts = "UT"
  revision = "c6ca198ec95c841fdb89fc0de7496fed11ab854e"
  version = "v1.4.0"

[[projects]]
  branch = "draft"
  digest = "1:33c7b5c4365ae90a88469d2007014506504a067b3a1e65985fa4ae2663017d1d"
  name = "github.com/kun-lun/common"
  packages = [
    "configuration",
    "errors",
    "fileio",
    "logger",
    "storage",
  ]
  pruneopts = "UT"
  revision = "5373108824cc1fac15ac0274e27ea2d25daf7d16"

[[projects]]
  branch = "draft"
  digest = "1:b221f8edafdc04fc2216673418e2dbc609139e08d0c0f54be656df267adc90ac"
  name = "github.com/kun-lun/executor"
  packages = [
    "commands",
    "executor",
  ]
  pruneopts = "UT"
  revision = "e6090c823e585f8eb417b4f70c873bbaa503d1ae"

[[projects]]
  branch = "master"
  digest = "1:0e1e5f960c58fdc677212fcc70e55042a0084d367623e51afbdb568963832f5d"
  name = "github.com/nu7hatch/gouuid"
  packages = ["."]
  pruneopts = "UT"
  revision = "179d4d0c4d8d407a32af483c2354df1d2c91e6c3"

[[projects]]
  digest = "1:6a4a11ba764a56d2758899ec6f3848d24698d48442ebce85ee7a3f63284526cd"
  name = "github.com/spf13/afero"
  packages = [
    ".",
    "mem",
  ]
  pruneopts = "UT"
  revision = "d40851caa0d747393da1ffb28f7f9d8b4eeffebd"
  version = "v1.1.2"

[[projects]]
  digest = "1:8029e9743749d4be5bc9f7d42ea1659471767860f0cdc34d37c3111bd308a295"
  name = "golang.org/x/text"
  packages = [
    "internal/gen",
    "internal/triegen",
    "internal/ucd",
    "transform",
    "unicode/cldr",
    "unicode/norm",
  ]
  pruneopts = "UT"
  revision = "f21a4dfb5e38f5895301dc265a8def02365cc3d0"
  version = "v0.3.0"

[solve-meta]
  analyzer-name = "dep"
  analyzer-version = 1
  input-imports = [
    "github.com/jessevdk/go-flags",
    "github.com/kun-lun/common/configuration",
    "github.com/kun-lun/common/fileio",
    "github.com/kun-lun/common/logger",
    "github.com/kun-lun/common/storage",
    "github.com/kun-lun/executor/commands",
    "github.com/kun-lun/executor/executor",
    "github.com/spf13/afero",
  ]
  solver-name = "gps-cdcl"
  solver-version = 1
