# This file is autogenerated, do not edit; changes may be undone by the next 'dep ensure'.


[[projects]]
  branch = "master"
  digest = "1:71570cb9af58f4981cd3b6ac9902b37e978e1f3c34f35a04a3a4837ea542500f"
  name = "github.com/cppforlife/go-patch"
  packages = ["patch"]
  pruneopts = "UT"
  revision = "250da0e0e68ce3367b4302f34218f6c064eb9559"

[[projects]]
  digest = "1:a2cff208d4759f6ba1b1cd228587b0a1869f95f22542ec9cd17fff64430113c7"
  name = "github.com/jessevdk/go-flags"
  packages = ["."]
  pruneopts = "UT"
  revision = "c6ca198ec95c841fdb89fc0de7496fed11ab854e"
  version = "v1.4.0"

[[projects]]
  branch = "draft"
  digest = "1:92744a7a300f687a767d85f8492ba0cd5ff9bfa170399074fd55bc0fc73ec606"
  name = "github.com/kun-lun/artifacts"
  packages = [
    "pkg/apis",
    "pkg/apis/builtinmanifests",
    "pkg/apis/deployments",
  ]
  pruneopts = "UT"
  revision = "d3c4ddc71ea44f030a85a23c5f06da6944c65bc7"

[[projects]]
  branch = "draft"
  digest = "1:467cdc5a13944a84f2fee5c42cae67fe14884a82036a082bdd3d406417084740"
  name = "github.com/kun-lun/ashandler"
  packages = [
    "generator",
    "pkg/apis",
  ]
  pruneopts = "UT"
  revision = "48c0aba27b42d1bbdfb6212f9c513de187bf9d04"

[[projects]]
  branch = "draft"
  digest = "1:93397615fb9b12701adbf369b5e662a2170e7da2798e12614e7420da89f5aae1"
  name = "github.com/kun-lun/built-in-roles"
  packages = ["pkg/apis"]
  pruneopts = "UT"
  revision = "cc06c54232979f2d34264bbacbf21553f040b88a"

[[projects]]
  branch = "draft"
  digest = "1:c08c9a268682048eedad338d1506a4b3e00315fcc580d566c220f21dcddd8c61"
  name = "github.com/kun-lun/common"
  packages = [
    "configuration",
    "errors",
    "fileio",
    "flags",
    "helpers",
    "logger",
    "storage",
  ]
  pruneopts = "UT"
  revision = "6b9fd456f26e3b8d25d4c6066fcf79205fb7bb79"

[[projects]]
  branch = "draft"
  digest = "1:43151b32b3159e93aea304bc29aad66fe2c4e3c5c50b10df74d74b684bb06bfb"
  name = "github.com/kun-lun/deployment-producer"
  packages = [
    "dpbuilder",
    "pkg/apis",
  ]
  pruneopts = "UT"
  revision = "14ac27b43129ca02eef3a0361a8ffdd0cab4d9d2"

[[projects]]
  branch = "draft"
  digest = "1:5fce99e46a16928910c8604db0ece2733985c1c75ca115fc45d2cf7798363b65"
  name = "github.com/kun-lun/digester"
  packages = [
    "pkg/apis",
    "pkg/common",
    "pkg/detector",
    "pkg/detector/frameworks/laravel5",
    "pkg/detector/frameworks/null",
    "pkg/detector/packagemanagers/composer",
    "pkg/detector/packagemanagers/null",
    "pkg/detector/util",
    "pkg/questionnaire",
    "pkg/vmgroupcalc",
  ]
  pruneopts = "UT"
  revision = "74d2ae6a1908e6eb6e80c58568a8afc4f64ba924"

[[projects]]
  branch = "draft"
  digest = "1:4fca7ef66f06279ba03f62a61904b33749e1c856bf06e19486f96d49bd2ae404"
  name = "github.com/kun-lun/executor"
  packages = [
    "commands",
    "pkg/apis",
  ]
  pruneopts = "UT"
  revision = "428b0cc37f4fb80cb2537cad1a0136c888820990"

[[projects]]
  branch = "draft"
  digest = "1:d1ff38b791d7f10d1f5df2ecb06fcc3005c579779d35ee861cd0457bfe5d5616"
  name = "github.com/kun-lun/patching"
  packages = ["pkg/apis"]
  pruneopts = "UT"
  revision = "d83bf197a1dad5a5433d084c6512e9954e186f34"

[[projects]]
  branch = "master"
  digest = "1:0e1e5f960c58fdc677212fcc70e55042a0084d367623e51afbdb568963832f5d"
  name = "github.com/nu7hatch/gouuid"
  packages = ["."]
  pruneopts = "UT"
  revision = "179d4d0c4d8d407a32af483c2354df1d2c91e6c3"

[[projects]]
  digest = "1:40e195917a951a8bf867cd05de2a46aaf1806c50cf92eebf4c16f78cd196f747"
  name = "github.com/pkg/errors"
  packages = ["."]
  pruneopts = "UT"
  revision = "645ef00459ed84a119197bfb8d8205042c6df63d"
  version = "v0.8.0"

[[projects]]
  digest = "1:6a4a11ba764a56d2758899ec6f3848d24698d48442ebce85ee7a3f63284526cd"
  name = "github.com/spf13/afero"
  packages = [
    ".",
    "mem",
  ]
  pruneopts = "UT"
  revision = "d40851caa0d747393da1ffb28f7f9d8b4eeffebd"
  version = "v1.1.2"

[[projects]]
  branch = "master"
  digest = "1:082c538aa8ca5e086d5d20ec16417e7fca237de2c4146485e02aa09989d0ff38"
  name = "golang.org/x/crypto"
  packages = [
    "curve25519",
    "ed25519",
    "ed25519/internal/edwards25519",
    "internal/chacha20",
    "internal/subtle",
    "poly1305",
    "ssh",
  ]
  pruneopts = "UT"
  revision = "e4dc69e5b2fd71dcaf8bd5d054eb936deb78d1fa"

[[projects]]
  digest = "1:8029e9743749d4be5bc9f7d42ea1659471767860f0cdc34d37c3111bd308a295"
  name = "golang.org/x/text"
  packages = [
    "internal/gen",
    "internal/triegen",
    "internal/ucd",
    "transform",
    "unicode/cldr",
    "unicode/norm",
  ]
  pruneopts = "UT"
  revision = "f21a4dfb5e38f5895301dc265a8def02365cc3d0"
  version = "v0.3.0"

[[projects]]
  digest = "1:342378ac4dcb378a5448dd723f0784ae519383532f5e70ade24132c4c8693202"
  name = "gopkg.in/yaml.v2"
  packages = ["."]
  pruneopts = "UT"
  revision = "5420a8b6744d3b0345ab293f6fcba19c978f1183"
  version = "v2.2.1"

[solve-meta]
  analyzer-name = "dep"
  analyzer-version = 1
  input-imports = [
    "github.com/jessevdk/go-flags",
    "github.com/kun-lun/common/configuration",
    "github.com/kun-lun/common/fileio",
    "github.com/kun-lun/common/logger",
    "github.com/kun-lun/common/storage",
    "github.com/kun-lun/executor/commands",
    "github.com/kun-lun/executor/pkg/apis",
    "github.com/spf13/afero",
  ]
  solver-name = "gps-cdcl"
  solver-version = 1
