# This file is autogenerated, do not edit; changes may be undone by the next 'dep ensure'.


[[projects]]
  digest = "1:0ef770954bca104ee99b3b6b7f9b240605ac03517d9f98cbc1893daa03f3c038"
  name = "github.com/coreos/go-semver"
  packages = ["semver"]
  pruneopts = "UT"
  revision = "8ab6407b697782a06568d4b7f1db25550ec2e4c6"
  version = "v0.2.0"

[[projects]]
  branch = "master"
  digest = "1:71570cb9af58f4981cd3b6ac9902b37e978e1f3c34f35a04a3a4837ea542500f"
  name = "github.com/cppforlife/go-patch"
  packages = ["patch"]
  pruneopts = "UT"
  revision = "250da0e0e68ce3367b4302f34218f6c064eb9559"

[[projects]]
  digest = "1:a2cff208d4759f6ba1b1cd228587b0a1869f95f22542ec9cd17fff64430113c7"
  name = "github.com/jessevdk/go-flags"
  packages = ["."]
  pruneopts = "UT"
  revision = "c6ca198ec95c841fdb89fc0de7496fed11ab854e"
  version = "v1.4.0"

[[projects]]
  branch = "draft"
  digest = "1:b07d32fe62d214943f22450944e5d5244a667245c4b733de69e2d9e1aee28761"
  name = "github.com/kun-lun/artifacts"
  packages = [
    "pkg/apis",
    "pkg/apis/builtinmanifests",
    "pkg/apis/deployments",
  ]
  pruneopts = "UT"
  revision = "c7841d7a2ff12838a6461443f2da4dc456d2b2c5"

[[projects]]
  branch = "draft"
  digest = "1:467cdc5a13944a84f2fee5c42cae67fe14884a82036a082bdd3d406417084740"
  name = "github.com/kun-lun/ashandler"
  packages = [
    "generator",
    "pkg/apis",
  ]
  pruneopts = "UT"
  revision = "7ebb981c706d2b8c955de0f178b5dcf5e9b3335b"

[[projects]]
  branch = "draft"
  digest = "1:3b123175a03dc3a954cead7e62bda3db250d787b6c3eefbdf18042b4255d0d72"
  name = "github.com/kun-lun/built-in-roles"
  packages = ["pkg/apis"]
  pruneopts = "UT"
  revision = "a804029985d0f76872066bd99778aecd24fcd648"

[[projects]]
  branch = "draft"
  digest = "1:01380f4607f3de828b83a1423dd962f77bbbc94e124c36224418c483b1246b74"
  name = "github.com/kun-lun/common"
  packages = [
    "configuration",
    "errors",
    "fileio",
    "flags",
    "helpers",
    "logger",
    "storage",
  ]
  pruneopts = "UT"
  revision = "11580d80d8ecaebf40fc4aee67d8f882ef7ed48b"

[[projects]]
  branch = "draft"
  digest = "1:43151b32b3159e93aea304bc29aad66fe2c4e3c5c50b10df74d74b684bb06bfb"
  name = "github.com/kun-lun/deployment-producer"
  packages = [
    "dpbuilder",
    "pkg/apis",
  ]
  pruneopts = "UT"
  revision = "14ac27b43129ca02eef3a0361a8ffdd0cab4d9d2"

[[projects]]
  branch = "draft"
  digest = "1:bfc94c47f34550df15ed002a9152fb14563f03bc8997180e2760564e998afb68"
  name = "github.com/kun-lun/digester"
  packages = [
    "pkg/apis",
    "pkg/common",
    "pkg/detector",
    "pkg/detector/frameworks/laravel5",
    "pkg/detector/frameworks/null",
    "pkg/detector/packagemanagers/composer",
    "pkg/detector/packagemanagers/null",
    "pkg/detector/util",
    "pkg/questionnaire",
    "pkg/vmgroupcalc",
  ]
  pruneopts = "UT"
  revision = "58b36a46e21971279b86a175be0fbec90e44e873"

[[projects]]
  branch = "draft"
  digest = "1:0731aeebcdd7f1bb066f14251a640c7c7d3ba55c3db2fd874a33ffb34b7dbc1f"
  name = "github.com/kun-lun/executor"
  packages = [
    "commands",
    "pkg/apis",
  ]
  pruneopts = "UT"
  revision = "ee6fa2158840209a00ced5b3eed9cd40b1fbe76c"

[[projects]]
  branch = "draft"
  digest = "1:ca80cb870012789c7e5dffec92eda22c50db494e3de1fcc8563e91d86be25b44"
  name = "github.com/kun-lun/infra-producer"
  packages = [
    "handler",
    "pkg/apis",
  ]
  pruneopts = "UT"
  revision = "e0057242901ad0be104a5c9e46d12fe5611059f6"

[[projects]]
  branch = "draft"
  digest = "1:7cb13041d1335e4567c88e520474d55bece8471a97c0c794e144ff27ce0f96e3"
  name = "github.com/kun-lun/patching"
  packages = ["pkg/apis"]
  pruneopts = "UT"
  revision = "6b56a079f0ba701a52ba2f2df28b19daccb29833"

[[projects]]
  branch = "draft"
  digest = "1:549fa5446275ab2b53d42cfc592922c8f1af56c0e0bdaf0d9036644f40a44180"
  name = "github.com/kun-lun/tfhandler"
  packages = [
    "terraform",
    "terraform/binary_dist",
    "terraform/templates",
  ]
  pruneopts = "UT"
  revision = "6b39bfa79036ec1a6d871db615b8ffb788905e0c"

[[projects]]
  branch = "master"
  digest = "1:0e1e5f960c58fdc677212fcc70e55042a0084d367623e51afbdb568963832f5d"
  name = "github.com/nu7hatch/gouuid"
  packages = ["."]
  pruneopts = "UT"
  revision = "179d4d0c4d8d407a32af483c2354df1d2c91e6c3"

[[projects]]
  digest = "1:40e195917a951a8bf867cd05de2a46aaf1806c50cf92eebf4c16f78cd196f747"
  name = "github.com/pkg/errors"
  packages = ["."]
  pruneopts = "UT"
  revision = "645ef00459ed84a119197bfb8d8205042c6df63d"
  version = "v0.8.0"

[[projects]]
  digest = "1:6a4a11ba764a56d2758899ec6f3848d24698d48442ebce85ee7a3f63284526cd"
  name = "github.com/spf13/afero"
  packages = [
    ".",
    "mem",
  ]
  pruneopts = "UT"
  revision = "d40851caa0d747393da1ffb28f7f9d8b4eeffebd"
  version = "v1.1.2"

[[projects]]
  branch = "master"
  digest = "1:082c538aa8ca5e086d5d20ec16417e7fca237de2c4146485e02aa09989d0ff38"
  name = "golang.org/x/crypto"
  packages = [
    "curve25519",
    "ed25519",
    "ed25519/internal/edwards25519",
    "internal/chacha20",
    "internal/subtle",
    "poly1305",
    "ssh",
  ]
  pruneopts = "UT"
  revision = "3d3f9f413869b949e48070b5bc593aa22cc2b8f2"

[[projects]]
  digest = "1:8029e9743749d4be5bc9f7d42ea1659471767860f0cdc34d37c3111bd308a295"
  name = "golang.org/x/text"
  packages = [
    "internal/gen",
    "internal/triegen",
    "internal/ucd",
    "transform",
    "unicode/cldr",
    "unicode/norm",
  ]
  pruneopts = "UT"
  revision = "f21a4dfb5e38f5895301dc265a8def02365cc3d0"
  version = "v0.3.0"

[[projects]]
  digest = "1:342378ac4dcb378a5448dd723f0784ae519383532f5e70ade24132c4c8693202"
  name = "gopkg.in/yaml.v2"
  packages = ["."]
  pruneopts = "UT"
  revision = "5420a8b6744d3b0345ab293f6fcba19c978f1183"
  version = "v2.2.1"

[solve-meta]
  analyzer-name = "dep"
  analyzer-version = 1
  input-imports = [
    "github.com/jessevdk/go-flags",
    "github.com/kun-lun/common/configuration",
    "github.com/kun-lun/common/fileio",
    "github.com/kun-lun/common/logger",
    "github.com/kun-lun/common/storage",
    "github.com/kun-lun/executor/commands",
    "github.com/kun-lun/executor/pkg/apis",
    "github.com/spf13/afero",
  ]
  solver-name = "gps-cdcl"
  solver-version = 1
